
Microsoft Visual Studio Solution File, Format Version 12.00
# Visual Studio Version 17
VisualStudioVersion = 17.5.002.0
MinimumVisualStudioVersion = 10.0.40219.1
Project("{9A19103F-16F7-4668-BE54-9A1E7A4F7556}") = "trial_05082023", "trial_05082023.csproj", "{F7801357-59F9-4DD6-854E-1809B1981D9D}"
EndProject
Global
	GlobalSection(SolutionConfigurationPlatforms) = preSolution
		Debug|Any CPU = Debug|Any CPU
		Release|Any CPU = Release|Any CPU
	EndGlobalSection
	GlobalSection(ProjectConfigurationPlatforms) = postSolution
		{F7801357-59F9-4DD6-854E-1809B1981D9D}.Debug|Any CPU.ActiveCfg = Debug|Any CPU
		{F7801357-59F9-4DD6-854E-1809B1981D9D}.Debug|Any CPU.Build.0 = Debug|Any CPU
		{F7801357-59F9-4DD6-854E-1809B1981D9D}.Release|Any CPU.ActiveCfg = Release|Any CPU
		{F7801357-59F9-4DD6-854E-1809B1981D9D}.Release|Any CPU.Build.0 = Release|Any CPU
	EndGlobalSection
	GlobalSection(SolutionProperties) = preSolution
		HideSolutionNode = FALSE
	EndGlobalSection
	GlobalSection(ExtensibilityGlobals) = postSolution
		SolutionGuid = {0747BF5E-026D-4A02-B772-05EA960E42BD}
	EndGlobalSection
EndGlobal
