{
    "name": "trial-05082023",
    "version": "20.5.3",
    "lockfileVersion": 3,
    "requires": true,
    "packages": {
        "": {
            "name": "trial-05082023",
            "version": "20.5.3",
            "license": "SEE LICENSE IN LICENSE.md",
            "engines": {
                "node": ">=16"
            }
        }
    }
}
